<?xml version="1.0" encoding="utf-8"?>
<Project ToolsVersion="4.0" xmlns="http://schemas.microsoft.com/developer/msbuild/2003">
  <ItemGroup>
    <Filter Include="Moonless">
      <UniqueIdentifier>{75C4F0F6-6191-4B02-8AAA-39AA76D68090}</UniqueIdentifier>
    </Filter>
  </ItemGroup>
  <ItemGroup>
    <ClInclude Include="src\Event.h" />
    <ClInclude Include="src\Moonless.h" />
    <ClInclude Include="src\Moonless\Application.h">
      <Filter>Moonless</Filter>
    </ClInclude>
    <ClInclude Include="src\Moonless\Core.h">
      <Filter>Moonless</Filter>
    </ClInclude>
    <ClInclude Include="src\Moonless\EntryPoint.h">
      <Filter>Moonless</Filter>
    </ClInclude>
    <ClInclude Include="src\Moonless\Log.h">
      <Filter>Moonless</Filter>
    </ClInclude>
  </ItemGroup>
  <ItemGroup>
    <ClCompile Include="src\Moonless\Application.cpp">
      <Filter>Moonless</Filter>
    </ClCompile>
    <ClCompile Include="src\Moonless\Log.cpp">
      <Filter>Moonless</Filter>
    </ClCompile>
  </ItemGroup>
</Project>