<?xml version="1.0" encoding="utf-8"?>
<Project ToolsVersion="4.0" xmlns="http://schemas.microsoft.com/developer/msbuild/2003">
  <ItemGroup>
    <Filter Include="Moonless">
      <UniqueIdentifier>{75C4F0F6-6191-4B02-8AAA-39AA76D68090}</UniqueIdentifier>
    </Filter>
    <Filter Include="Moonless\Core">
      <UniqueIdentifier>{EDF96F14-59BA-EB4A-22F5-34C88E743027}</UniqueIdentifier>
    </Filter>
    <Filter Include="Moonless\Debug">
      <UniqueIdentifier>{AB927BA2-9760-6FA8-80F4-DFCE6C614B0D}</UniqueIdentifier>
    </Filter>
    <Filter Include="Moonless\Events">
      <UniqueIdentifier>{B93A78F5-25C6-E5B9-2ED7-68AE9AE141BA}</UniqueIdentifier>
    </Filter>
    <Filter Include="Moonless\Renderer">
      <UniqueIdentifier>{BBDB6C2B-27F2-6AC1-7069-F6E2DCBE3B49}</UniqueIdentifier>
    </Filter>
    <Filter Include="Moonless\imgui">
      <UniqueIdentifier>{9F951DA5-8B63-11AB-74F7-81D16064ED0F}</UniqueIdentifier>
    </Filter>
    <Filter Include="Platform">
      <UniqueIdentifier>{2AC788B4-1694-E3BF-3FAD-D1672BD9184E}</UniqueIdentifier>
    </Filter>
    <Filter Include="Platform\OpenGL">
      <UniqueIdentifier>{1E7D2C1D-8A08-9AE1-9319-1DD6FF23F6E1}</UniqueIdentifier>
    </Filter>
    <Filter Include="Platform\Windows">
      <UniqueIdentifier>{64FBD71A-50F4-F66C-7926-DCF1657ED678}</UniqueIdentifier>
    </Filter>
  </ItemGroup>
  <ItemGroup>
    <ClInclude Include="src\Moonless.h" />
    <ClInclude Include="src\Moonless\Core\Application.h">
      <Filter>Moonless\Core</Filter>
    </ClInclude>
    <ClInclude Include="src\Moonless\Core\Core.h">
      <Filter>Moonless\Core</Filter>
    </ClInclude>
    <ClInclude Include="src\Moonless\Core\EntryPoint.h">
      <Filter>Moonless\Core</Filter>
    </ClInclude>
    <ClInclude Include="src\Moonless\Core\Input.h">
      <Filter>Moonless\Core</Filter>
    </ClInclude>
    <ClInclude Include="src\Moonless\Core\KeyCodes.h">
      <Filter>Moonless\Core</Filter>
    </ClInclude>
    <ClInclude Include="src\Moonless\Core\Layer.h">
      <Filter>Moonless\Core</Filter>
    </ClInclude>
    <ClInclude Include="src\Moonless\Core\LayerStack.h">
      <Filter>Moonless\Core</Filter>
    </ClInclude>
    <ClInclude Include="src\Moonless\Core\Log.h">
      <Filter>Moonless\Core</Filter>
    </ClInclude>
    <ClInclude Include="src\Moonless\Core\MouseButtonCodes.h">
      <Filter>Moonless\Core</Filter>
    </ClInclude>
    <ClInclude Include="src\Moonless\Core\OrthographicCameraController.h">
      <Filter>Moonless\Core</Filter>
    </ClInclude>
    <ClInclude Include="src\Moonless\Core\TimeStep.h">
      <Filter>Moonless\Core</Filter>
    </ClInclude>
    <ClInclude Include="src\Moonless\Core\Window.h">
      <Filter>Moonless\Core</Filter>
    </ClInclude>
    <ClInclude Include="src\Moonless\Debug\Instrumentor.h">
      <Filter>Moonless\Debug</Filter>
    </ClInclude>
    <ClInclude Include="src\Moonless\Events\ApplicationEvent.h">
      <Filter>Moonless\Events</Filter>
    </ClInclude>
    <ClInclude Include="src\Moonless\Events\Event.h">
      <Filter>Moonless\Events</Filter>
    </ClInclude>
    <ClInclude Include="src\Moonless\Events\KeyEvent.h">
      <Filter>Moonless\Events</Filter>
    </ClInclude>
    <ClInclude Include="src\Moonless\Events\MouseEvent.h">
      <Filter>Moonless\Events</Filter>
    </ClInclude>
    <ClInclude Include="src\Moonless\Renderer\Buffer.h">
      <Filter>Moonless\Renderer</Filter>
    </ClInclude>
    <ClInclude Include="src\Moonless\Renderer\FrameBuffer.h">
      <Filter>Moonless\Renderer</Filter>
    </ClInclude>
    <ClInclude Include="src\Moonless\Renderer\GraphicsContext.h">
      <Filter>Moonless\Renderer</Filter>
    </ClInclude>
    <ClInclude Include="src\Moonless\Renderer\OrthographicCamera.h">
      <Filter>Moonless\Renderer</Filter>
    </ClInclude>
    <ClInclude Include="src\Moonless\Renderer\RenderCommand.h">
      <Filter>Moonless\Renderer</Filter>
    </ClInclude>
    <ClInclude Include="src\Moonless\Renderer\Renderer.h">
      <Filter>Moonless\Renderer</Filter>
    </ClInclude>
    <ClInclude Include="src\Moonless\Renderer\Renderer2D.h">
      <Filter>Moonless\Renderer</Filter>
    </ClInclude>
    <ClInclude Include="src\Moonless\Renderer\RendererAPI.h">
      <Filter>Moonless\Renderer</Filter>
    </ClInclude>
    <ClInclude Include="src\Moonless\Renderer\Shader.h">
      <Filter>Moonless\Renderer</Filter>
    </ClInclude>
    <ClInclude Include="src\Moonless\Renderer\Texture.h">
      <Filter>Moonless\Renderer</Filter>
    </ClInclude>
    <ClInclude Include="src\Moonless\Renderer\VertexArray.h">
      <Filter>Moonless\Renderer</Filter>
    </ClInclude>
    <ClInclude Include="src\Moonless\imgui\ImguiLayer.h">
      <Filter>Moonless\imgui</Filter>
    </ClInclude>
    <ClInclude Include="src\Moonless\imgui\imgui_impl_glfw.h">
      <Filter>Moonless\imgui</Filter>
    </ClInclude>
    <ClInclude Include="src\Moonless\imgui\imgui_impl_opengl3.h">
      <Filter>Moonless\imgui</Filter>
    </ClInclude>
    <ClInclude Include="src\Platform\OpenGL\OpenGLBuffer.h">
      <Filter>Platform\OpenGL</Filter>
    </ClInclude>
    <ClInclude Include="src\Platform\OpenGL\OpenGLContext.h">
      <Filter>Platform\OpenGL</Filter>
    </ClInclude>
    <ClInclude Include="src\Platform\OpenGL\OpenGLFramebuffer.h">
      <Filter>Platform\OpenGL</Filter>
    </ClInclude>
    <ClInclude Include="src\Platform\OpenGL\OpenGLRendererAPI.h">
      <Filter>Platform\OpenGL</Filter>
    </ClInclude>
    <ClInclude Include="src\Platform\OpenGL\OpenGLShader.h">
      <Filter>Platform\OpenGL</Filter>
    </ClInclude>
    <ClInclude Include="src\Platform\OpenGL\OpenGLTexture2D.h">
      <Filter>Platform\OpenGL</Filter>
    </ClInclude>
    <ClInclude Include="src\Platform\OpenGL\OpenGLVertexArray.h">
      <Filter>Platform\OpenGL</Filter>
    </ClInclude>
    <ClInclude Include="src\Platform\Windows\WindowsInput.h">
      <Filter>Platform\Windows</Filter>
    </ClInclude>
    <ClInclude Include="src\Platform\Windows\WindowsWindow.h">
      <Filter>Platform\Windows</Filter>
    </ClInclude>
    <ClInclude Include="src\mlpch.h" />
  </ItemGroup>
  <ItemGroup>
    <ClCompile Include="src\Moonless\Core\Application.cpp">
      <Filter>Moonless\Core</Filter>
    </ClCompile>
    <ClCompile Include="src\Moonless\Core\Layer.cpp">
      <Filter>Moonless\Core</Filter>
    </ClCompile>
    <ClCompile Include="src\Moonless\Core\LayerStack.cpp">
      <Filter>Moonless\Core</Filter>
    </ClCompile>
    <ClCompile Include="src\Moonless\Core\Log.cpp">
      <Filter>Moonless\Core</Filter>
    </ClCompile>
    <ClCompile Include="src\Moonless\Core\OrthographicCameraController.cpp">
      <Filter>Moonless\Core</Filter>
    </ClCompile>
    <ClCompile Include="src\Moonless\Events\Event.cpp">
      <Filter>Moonless\Events</Filter>
    </ClCompile>
    <ClCompile Include="src\Moonless\Renderer\Buffer.cpp">
      <Filter>Moonless\Renderer</Filter>
    </ClCompile>
    <ClCompile Include="src\Moonless\Renderer\FrameBuffer.cpp">
      <Filter>Moonless\Renderer</Filter>
    </ClCompile>
    <ClCompile Include="src\Moonless\Renderer\OrthographicCamera.cpp">
      <Filter>Moonless\Renderer</Filter>
    </ClCompile>
    <ClCompile Include="src\Moonless\Renderer\RenderCommand.cpp">
      <Filter>Moonless\Renderer</Filter>
    </ClCompile>
    <ClCompile Include="src\Moonless\Renderer\Renderer.cpp">
      <Filter>Moonless\Renderer</Filter>
    </ClCompile>
    <ClCompile Include="src\Moonless\Renderer\Renderer2D.cpp">
      <Filter>Moonless\Renderer</Filter>
    </ClCompile>
    <ClCompile Include="src\Moonless\Renderer\RendererAPI.cpp">
      <Filter>Moonless\Renderer</Filter>
    </ClCompile>
    <ClCompile Include="src\Moonless\Renderer\Shader.cpp">
      <Filter>Moonless\Renderer</Filter>
    </ClCompile>
    <ClCompile Include="src\Moonless\Renderer\Texture.cpp">
      <Filter>Moonless\Renderer</Filter>
    </ClCompile>
    <ClCompile Include="src\Moonless\Renderer\VertexArray.cpp">
      <Filter>Moonless\Renderer</Filter>
    </ClCompile>
    <ClCompile Include="src\Moonless\imgui\ImguiLayer.cpp">
      <Filter>Moonless\imgui</Filter>
    </ClCompile>
    <ClCompile Include="src\Moonless\imgui\imgui_impl_glfw.cpp">
      <Filter>Moonless\imgui</Filter>
    </ClCompile>
    <ClCompile Include="src\Moonless\imgui\imgui_impl_opengl3.cpp">
      <Filter>Moonless\imgui</Filter>
    </ClCompile>
    <ClCompile Include="src\Platform\OpenGL\OpenGLBuffer.cpp">
      <Filter>Platform\OpenGL</Filter>
    </ClCompile>
    <ClCompile Include="src\Platform\OpenGL\OpenGLContext.cpp">
      <Filter>Platform\OpenGL</Filter>
    </ClCompile>
    <ClCompile Include="src\Platform\OpenGL\OpenGLFramebuffer.cpp">
      <Filter>Platform\OpenGL</Filter>
    </ClCompile>
    <ClCompile Include="src\Platform\OpenGL\OpenGLRendererAPI.cpp">
      <Filter>Platform\OpenGL</Filter>
    </ClCompile>
    <ClCompile Include="src\Platform\OpenGL\OpenGLShader.cpp">
      <Filter>Platform\OpenGL</Filter>
    </ClCompile>
    <ClCompile Include="src\Platform\OpenGL\OpenGLTexture2D.cpp">
      <Filter>Platform\OpenGL</Filter>
    </ClCompile>
    <ClCompile Include="src\Platform\OpenGL\OpenGLVertexArray.cpp">
      <Filter>Platform\OpenGL</Filter>
    </ClCompile>
    <ClCompile Include="src\Platform\Windows\WindowsInput.cpp">
      <Filter>Platform\Windows</Filter>
    </ClCompile>
    <ClCompile Include="src\Platform\Windows\WindowsWindow.cpp">
      <Filter>Platform\Windows</Filter>
    </ClCompile>
    <ClCompile Include="src\mlpch.cpp" />
  </ItemGroup>
</Project>