<?xml version="1.0" encoding="utf-8"?>
<Project ToolsVersion="4.0" xmlns="http://schemas.microsoft.com/developer/msbuild/2003">
  <ItemGroup>
    <Filter Include="Moonless">
      <UniqueIdentifier>{75C4F0F6-6191-4B02-8AAA-39AA76D68090}</UniqueIdentifier>
    </Filter>
    <Filter Include="Moonless\Events">
      <UniqueIdentifier>{B93A78F5-25C6-E5B9-2ED7-68AE9AE141BA}</UniqueIdentifier>
    </Filter>
    <Filter Include="Moonless\imgui">
      <UniqueIdentifier>{9F951DA5-8B63-11AB-74F7-81D16064ED0F}</UniqueIdentifier>
    </Filter>
    <Filter Include="Platform">
      <UniqueIdentifier>{2AC788B4-1694-E3BF-3FAD-D1672BD9184E}</UniqueIdentifier>
    </Filter>
    <Filter Include="Platform\OpenGL">
      <UniqueIdentifier>{1E7D2C1D-8A08-9AE1-9319-1DD6FF23F6E1}</UniqueIdentifier>
    </Filter>
    <Filter Include="Platform\Windows">
      <UniqueIdentifier>{64FBD71A-50F4-F66C-7926-DCF1657ED678}</UniqueIdentifier>
    </Filter>
  </ItemGroup>
  <ItemGroup>
    <ClInclude Include="src\Moonless.h" />
    <ClInclude Include="src\Moonless\Application.h">
      <Filter>Moonless</Filter>
    </ClInclude>
    <ClInclude Include="src\Moonless\Core.h">
      <Filter>Moonless</Filter>
    </ClInclude>
    <ClInclude Include="src\Moonless\EntryPoint.h">
      <Filter>Moonless</Filter>
    </ClInclude>
    <ClInclude Include="src\Moonless\Events\ApplicationEvent.h">
      <Filter>Moonless\Events</Filter>
    </ClInclude>
    <ClInclude Include="src\Moonless\Events\Event.h">
      <Filter>Moonless\Events</Filter>
    </ClInclude>
    <ClInclude Include="src\Moonless\Events\KeyEvent.h">
      <Filter>Moonless\Events</Filter>
    </ClInclude>
    <ClInclude Include="src\Moonless\Events\MouseEvent.h">
      <Filter>Moonless\Events</Filter>
    </ClInclude>
    <ClInclude Include="src\Moonless\Layer.h">
      <Filter>Moonless</Filter>
    </ClInclude>
    <ClInclude Include="src\Moonless\LayerStack.h">
      <Filter>Moonless</Filter>
    </ClInclude>
    <ClInclude Include="src\Moonless\Log.h">
      <Filter>Moonless</Filter>
    </ClInclude>
    <ClInclude Include="src\Moonless\Window.h">
      <Filter>Moonless</Filter>
    </ClInclude>
    <ClInclude Include="src\Moonless\imgui\ImguiLayer.h">
      <Filter>Moonless\imgui</Filter>
    </ClInclude>
    <ClInclude Include="src\Platform\OpenGL\imgui_impl_opengl3.h">
      <Filter>Platform\OpenGL</Filter>
    </ClInclude>
    <ClInclude Include="src\Platform\Windows\WindowsWindow.h">
      <Filter>Platform\Windows</Filter>
    </ClInclude>
    <ClInclude Include="src\mlpch.h" />
  </ItemGroup>
  <ItemGroup>
    <ClCompile Include="src\Moonless\Application.cpp">
      <Filter>Moonless</Filter>
    </ClCompile>
    <ClCompile Include="src\Moonless\Events\Event.cpp">
      <Filter>Moonless\Events</Filter>
    </ClCompile>
    <ClCompile Include="src\Moonless\Layer.cpp">
      <Filter>Moonless</Filter>
    </ClCompile>
    <ClCompile Include="src\Moonless\LayerStack.cpp">
      <Filter>Moonless</Filter>
    </ClCompile>
    <ClCompile Include="src\Moonless\Log.cpp">
      <Filter>Moonless</Filter>
    </ClCompile>
    <ClCompile Include="src\Moonless\imgui\ImguiLayer.cpp">
      <Filter>Moonless\imgui</Filter>
    </ClCompile>
    <ClCompile Include="src\Platform\OpenGL\imgui_impl_opengl3.cpp">
      <Filter>Platform\OpenGL</Filter>
    </ClCompile>
    <ClCompile Include="src\Platform\Windows\WindowsWindow.cpp">
      <Filter>Platform\Windows</Filter>
    </ClCompile>
    <ClCompile Include="src\mlpch.cpp" />
  </ItemGroup>
</Project>